{
  "nodes": {
    "flake-compat": {
      "flake": false,
      "locked": {
        "lastModified": 1650374568,
        "narHash": "sha256-Z+s0J8/r907g149rllvwhb4pKi8Wam5ij0st8PwAh+E=",
        "owner": "edolstra",
        "repo": "flake-compat",
        "rev": "b4a34015c698c7793d592d66adbab377907a2be8",
        "type": "github"
      },
      "original": {
        "owner": "edolstra",
        "repo": "flake-compat",
        "type": "github"
      }
    },
    "flake-utils": {
      "locked": {
        "lastModified": 1659877975,
        "narHash": "sha256-zllb8aq3YO3h8B/U0/J1WBgAL8EX5yWf5pMj3G0NAmc=",
        "owner": "numtide",
        "repo": "flake-utils",
        "rev": "c0e246b9b83f637f4681389ecabcb2681b4f3af0",
        "type": "github"
      },
      "original": {
        "id": "flake-utils",
        "type": "indirect"
      }
    },
    "flake-utils_2": {
      "locked": {
        "lastModified": 1659877975,
        "narHash": "sha256-zllb8aq3YO3h8B/U0/J1WBgAL8EX5yWf5pMj3G0NAmc=",
        "owner": "numtide",
        "repo": "flake-utils",
        "rev": "c0e246b9b83f637f4681389ecabcb2681b4f3af0",
        "type": "github"
      },
      "original": {
        "owner": "numtide",
        "repo": "flake-utils",
        "type": "github"
      }
    },
    "nix-phps": {
      "inputs": {
        "flake-compat": "flake-compat",
        "nixpkgs": "nixpkgs",
        "utils": "utils"
      },
      "locked": {
        "lastModified": 1664095147,
        "narHash": "sha256-aS6tbZ13o4iAeGjtlm5t8lffObNKjakExbzxHL0dSAE=",
        "owner": "fossar",
        "repo": "nix-phps",
        "rev": "bfaf24fc8353f3d8b7cbcbe461bd19223ebb8b24",
        "type": "github"
      },
      "original": {
        "owner": "fossar",
        "repo": "nix-phps",
        "type": "github"
      }
    },
    "nix-shell": {
      "inputs": {
        "flake-utils": "flake-utils_2",
        "nix-phps": "nix-phps",
        "nixpkgs": "nixpkgs_2"
      },
      "locked": {
        "lastModified": 1664223419,
        "narHash": "sha256-tgTTk7025FTdBJVhHFcKefD6wYy60u/O6RksYNnsU0E=",
        "owner": "loophp",
        "repo": "nix-shell",
        "rev": "05e4b00e22bf0f5c5e73ac25708d6d185d3ad754",
        "type": "github"
      },
      "original": {
        "owner": "loophp",
        "repo": "nix-shell",
        "type": "github"
      }
    },
    "nixpkgs": {
      "locked": {
        "lastModified": 1664028844,
        "narHash": "sha256-wwGqnvROHW54ma0h4q6GL5toKxTVVKvAypv0CcJkraU=",
        "owner": "NixOS",
        "repo": "nixpkgs",
        "rev": "72bdd03f0d5696412b25a93218acaad530570d30",
        "type": "github"
      },
      "original": {
        "owner": "NixOS",
        "ref": "nixpkgs-unstable",
        "repo": "nixpkgs",
        "type": "github"
      }
    },
    "nixpkgs_2": {
      "locked": {
        "lastModified": 1664117201,
        "narHash": "sha256-6QVOY28vj9eJqTVW5bT65hfY6qwmUi+fclgbRMotAzI=",
        "owner": "NixOS",
        "repo": "nixpkgs",
        "rev": "f3e200bd7fa6f62edbfad82fe9fefe7b02f28603",
        "type": "github"
      },
      "original": {
        "owner": "NixOS",
        "ref": "nixpkgs-unstable",
        "repo": "nixpkgs",
        "type": "github"
      }
    },
    "nixpkgs_3": {
      "locked": {
        "lastModified": 1664235386,
        "narHash": "sha256-hlkYFCJ9VKZPRW50vtpHHq4h1PJrptD5BbdLOEp4Lyc=",
        "owner": "NixOS",
        "repo": "nixpkgs",
        "rev": "ea4a87537cfdc83eebcd1804a5ec51057018784f",
        "type": "github"
      },
      "original": {
        "owner": "NixOS",
        "ref": "nixpkgs-unstable",
        "repo": "nixpkgs",
        "type": "github"
      }
    },
    "root": {
      "inputs": {
        "flake-utils": "flake-utils",
        "nix-shell": "nix-shell",
        "nixpkgs": "nixpkgs_3"
      }
    },
    "utils": {
      "locked": {
        "lastModified": 1659877975,
        "narHash": "sha256-zllb8aq3YO3h8B/U0/J1WBgAL8EX5yWf5pMj3G0NAmc=",
        "owner": "numtide",
        "repo": "flake-utils",
        "rev": "c0e246b9b83f637f4681389ecabcb2681b4f3af0",
        "type": "github"
      },
      "original": {
        "owner": "numtide",
        "repo": "flake-utils",
        "type": "github"
      }
    }
  },
  "root": "root",
  "version": 7
}
